
Microsoft Visual Studio Solution File, Format Version 12.00
# Visual Studio 15
Project("{FAE04EC0-301F-11D3-BF4B-00C04F79EFBC}") = "SensorsApp.Android", "SensorsApp.Android\SensorsApp.Android.csproj", "{95B436F3-8071-414B-807C-2620F033ADE3}"
EndProject
Project("{FAE04EC0-301F-11D3-BF4B-00C04F79EFBC}") = "SensorsApp", "SensorsApp\SensorsApp.csproj", "{D3810D48-A7E0-49F9-B3F6-4A72914790BB}"
EndProject
Global
	GlobalSection(SolutionConfigurationPlatforms) = preSolution
		Debug|Any CPU = Debug|Any CPU
		Release|Any CPU = Release|Any CPU
	EndGlobalSection
	GlobalSection(ProjectConfigurationPlatforms) = postSolution
		{95B436F3-8071-414B-807C-2620F033ADE3}.Debug|Any CPU.ActiveCfg = Debug|Any CPU
		{95B436F3-8071-414B-807C-2620F033ADE3}.Debug|Any CPU.Build.0 = Debug|Any CPU
		{95B436F3-8071-414B-807C-2620F033ADE3}.Release|Any CPU.ActiveCfg = Release|Any CPU
		{95B436F3-8071-414B-807C-2620F033ADE3}.Release|Any CPU.Build.0 = Release|Any CPU
		{D3810D48-A7E0-49F9-B3F6-4A72914790BB}.Debug|Any CPU.ActiveCfg = Debug|Any CPU
		{D3810D48-A7E0-49F9-B3F6-4A72914790BB}.Debug|Any CPU.Build.0 = Debug|Any CPU
		{D3810D48-A7E0-49F9-B3F6-4A72914790BB}.Release|Any CPU.ActiveCfg = Release|Any CPU
		{D3810D48-A7E0-49F9-B3F6-4A72914790BB}.Release|Any CPU.Build.0 = Release|Any CPU
	EndGlobalSection
EndGlobal
